// !$*UTF8*$!
{
	archiveVersion = 1;
	classes = {
	};
	objectVersion = 46;
	objects = {

/* Begin PBXBuildFile section */
		2985A63E19481E2900B1F5F4 /* AppDelegate.swift in Sources */ = {isa = PBXBuildFile; fileRef = 2985A63D19481E2900B1F5F4 /* AppDelegate.swift */; };
		2985A64019481E2900B1F5F4 /* ViewController.swift in Sources */ = {isa = PBXBuildFile; fileRef = 2985A63F19481E2900B1F5F4 /* ViewController.swift */; };
		2985A64519481E2900B1F5F4 /* Images.xcassets in Resources */ = {isa = PBXBuildFile; fileRef = 2985A64419481E2900B1F5F4 /* Images.xcassets */; };
		2985A65119481E2A00B1F5F4 /* SwiftCamTests.swift in Sources */ = {isa = PBXBuildFile; fileRef = 2985A65019481E2A00B1F5F4 /* SwiftCamTests.swift */; };
/* End PBXBuildFile section */

/* Begin PBXContainerItemProxy section */
		2985A64B19481E2A00B1F5F4 /* PBXContainerItemProxy */ = {
			isa = PBXContainerItemProxy;
			containerPortal = 2985A63019481E2900B1F5F4 /* Project object */;
			proxyType = 1;
			remoteGlobalIDString = 2985A63719481E2900B1F5F4;
			remoteInfo = SwiftCam;
		};
/* End PBXContainerItemProxy section */

/* Begin PBXFileReference section */
		2985A63819481E2900B1F5F4 /* SwiftCam.app */ = {isa = PBXFileReference; explicitFileType = wrapper.application; includeInIndex = 0; path = SwiftCam.app; sourceTree = BUILT_PRODUCTS_DIR; };
		2985A63C19481E2900B1F5F4 /* Info.plist */ = {isa = PBXFileReference; lastKnownFileType = text.plist.xml; path = Info.plist; sourceTree = "<group>"; };
		2985A63D19481E2900B1F5F4 /* AppDelegate.swift */ = {isa = PBXFileReference; lastKnownFileType = sourcecode.swift; path = AppDelegate.swift; sourceTree = "<group>"; };
		2985A63F19481E2900B1F5F4 /* ViewController.swift */ = {isa = PBXFileReference; lastKnownFileType = sourcecode.swift; path = ViewController.swift; sourceTree = "<group>"; };
		2985A64419481E2900B1F5F4 /* Images.xcassets */ = {isa = PBXFileReference; lastKnownFileType = folder.assetcatalog; path = Images.xcassets; sourceTree = "<group>"; };
		2985A64A19481E2A00B1F5F4 /* SwiftCamTests.xctest */ = {isa = PBXFileReference; explicitFileType = wrapper.cfbundle; includeInIndex = 0; path = SwiftCamTests.xctest; sourceTree = BUILT_PRODUCTS_DIR; };
		2985A64F19481E2A00B1F5F4 /* Info.plist */ = {isa = PBXFileReference; lastKnownFileType = text.plist.xml; path = Info.plist; sourceTree = "<group>"; };
		2985A65019481E2A00B1F5F4 /* SwiftCamTests.swift */ = {isa = PBXFileReference; lastKnownFileType = sourcecode.swift; path = SwiftCamTests.swift; sourceTree = "<group>"; };
/* End PBXFileReference section */

/* Begin PBXFrameworksBuildPhase section */
		2985A63519481E2900B1F5F4 /* Frameworks */ = {
			isa = PBXFrameworksBuildPhase;
			buildActionMask = 2147483647;
			files = (
			);
			runOnlyForDeploymentPostprocessing = 0;
		};
		2985A64719481E2A00B1F5F4 /* Frameworks */ = {
			isa = PBXFrameworksBuildPhase;
			buildActionMask = 2147483647;
			files = (
			);
			runOnlyForDeploymentPostprocessing = 0;
		};
/* End PBXFrameworksBuildPhase section */

/* Begin PBXGroup section */
		2985A62F19481E2900B1F5F4 = {
			isa = PBXGroup;
			children = (
				2985A63A19481E2900B1F5F4 /* SwiftCam */,
				2985A64D19481E2A00B1F5F4 /* SwiftCamTests */,
				2985A63919481E2900B1F5F4 /* Products */,
			);
			sourceTree = "<group>";
		};
		2985A63919481E2900B1F5F4 /* Products */ = {
			isa = PBXGroup;
			children = (
				2985A63819481E2900B1F5F4 /* SwiftCam.app */,
				2985A64A19481E2A00B1F5F4 /* SwiftCamTests.xctest */,
			);
			name = Products;
			sourceTree = "<group>";
		};
		2985A63A19481E2900B1F5F4 /* SwiftCam */ = {
			isa = PBXGroup;
			children = (
				2985A63D19481E2900B1F5F4 /* AppDelegate.swift */,
				2985A63F19481E2900B1F5F4 /* ViewController.swift */,
				2985A64419481E2900B1F5F4 /* Images.xcassets */,
				2985A63B19481E2900B1F5F4 /* Supporting Files */,
			);
			path = SwiftCam;
			sourceTree = "<group>";
		};
		2985A63B19481E2900B1F5F4 /* Supporting Files */ = {
			isa = PBXGroup;
			children = (
				2985A63C19481E2900B1F5F4 /* Info.plist */,
			);
			name = "Supporting Files";
			sourceTree = "<group>";
		};
		2985A64D19481E2A00B1F5F4 /* SwiftCamTests */ = {
			isa = PBXGroup;
			children = (
				2985A65019481E2A00B1F5F4 /* SwiftCamTests.swift */,
				2985A64E19481E2A00B1F5F4 /* Supporting Files */,
			);
			path = SwiftCamTests;
			sourceTree = "<group>";
		};
		2985A64E19481E2A00B1F5F4 /* Supporting Files */ = {
			isa = PBXGroup;
			children = (
				2985A64F19481E2A00B1F5F4 /* Info.plist */,
			);
			name = "Supporting Files";
			sourceTree = "<group>";
		};
/* End PBXGroup section */

/* Begin PBXNativeTarget section */
		2985A63719481E2900B1F5F4 /* SwiftCam */ = {
			isa = PBXNativeTarget;
			buildConfigurationList = 2985A65419481E2A00B1F5F4 /* Build configuration list for PBXNativeTarget "SwiftCam" */;
			buildPhases = (
				2985A63419481E2900B1F5F4 /* Sources */,
				2985A63519481E2900B1F5F4 /* Frameworks */,
				2985A63619481E2900B1F5F4 /* Resources */,
			);
			buildRules = (
			);
			dependencies = (
			);
			name = SwiftCam;
			productName = SwiftCam;
			productReference = 2985A63819481E2900B1F5F4 /* SwiftCam.app */;
			productType = "com.apple.product-type.application";
		};
		2985A64919481E2A00B1F5F4 /* SwiftCamTests */ = {
			isa = PBXNativeTarget;
			buildConfigurationList = 2985A65719481E2A00B1F5F4 /* Build configuration list for PBXNativeTarget "SwiftCamTests" */;
			buildPhases = (
				2985A64619481E2A00B1F5F4 /* Sources */,
				2985A64719481E2A00B1F5F4 /* Frameworks */,
				2985A64819481E2A00B1F5F4 /* Resources */,
			);
			buildRules = (
			);
			dependencies = (
				2985A64C19481E2A00B1F5F4 /* PBXTargetDependency */,
			);
			name = SwiftCamTests;
			productName = SwiftCamTests;
			productReference = 2985A64A19481E2A00B1F5F4 /* SwiftCamTests.xctest */;
			productType = "com.apple.product-type.bundle.unit-test";
		};
/* End PBXNativeTarget section */

/* Begin PBXProject section */
		2985A63019481E2900B1F5F4 /* Project object */ = {
			isa = PBXProject;
			attributes = {
				LastUpgradeCheck = 0600;
				ORGANIZATIONNAME = com.ktanaka;
				TargetAttributes = {
					2985A63719481E2900B1F5F4 = {
						CreatedOnToolsVersion = 6.0;
					};
					2985A64919481E2A00B1F5F4 = {
						CreatedOnToolsVersion = 6.0;
						TestTargetID = 2985A63719481E2900B1F5F4;
					};
				};
			};
			buildConfigurationList = 2985A63319481E2900B1F5F4 /* Build configuration list for PBXProject "SwiftCam" */;
			compatibilityVersion = "Xcode 3.2";
			developmentRegion = English;
			hasScannedForEncodings = 0;
			knownRegions = (
				en,
				Base,
			);
			mainGroup = 2985A62F19481E2900B1F5F4;
			productRefGroup = 2985A63919481E2900B1F5F4 /* Products */;
			projectDirPath = "";
			projectRoot = "";
			targets = (
				2985A63719481E2900B1F5F4 /* SwiftCam */,
				2985A64919481E2A00B1F5F4 /* SwiftCamTests */,
			);
		};
/* End PBXProject section */

/* Begin PBXResourcesBuildPhase section */
		2985A63619481E2900B1F5F4 /* Resources */ = {
			isa = PBXResourcesBuildPhase;
			buildActionMask = 2147483647;
			files = (
				2985A64519481E2900B1F5F4 /* Images.xcassets in Resources */,
			);
			runOnlyForDeploymentPostprocessing = 0;
		};
		2985A64819481E2A00B1F5F4 /* Resources */ = {
			isa = PBXResourcesBuildPhase;
			buildActionMask = 2147483647;
			files = (
			);
			runOnlyForDeploymentPostprocessing = 0;
		};
/* End PBXResourcesBuildPhase section */

/* Begin PBXSourcesBuildPhase section */
		2985A63419481E2900B1F5F4 /* Sources */ = {
			isa = PBXSourcesBuildPhase;
			buildActionMask = 2147483647;
			files = (
				2985A64019481E2900B1F5F4 /* ViewController.swift in Sources */,
				2985A63E19481E2900B1F5F4 /* AppDelegate.swift in Sources */,
			);
			runOnlyForDeploymentPostprocessing = 0;
		};
		2985A64619481E2A00B1F5F4 /* Sources */ = {
			isa = PBXSourcesBuildPhase;
			buildActionMask = 2147483647;
			files = (
				2985A65119481E2A00B1F5F4 /* SwiftCamTests.swift in Sources */,
			);
			runOnlyForDeploymentPostprocessing = 0;
		};
/* End PBXSourcesBuildPhase section */

/* Begin PBXTargetDependency section */
		2985A64C19481E2A00B1F5F4 /* PBXTargetDependency */ = {
			isa = PBXTargetDependency;
			target = 2985A63719481E2900B1F5F4 /* SwiftCam */;
			targetProxy = 2985A64B19481E2A00B1F5F4 /* PBXContainerItemProxy */;
		};
/* End PBXTargetDependency section */

/* Begin XCBuildConfiguration section */
		2985A65219481E2A00B1F5F4 /* Debug */ = {
			isa = XCBuildConfiguration;
			buildSettings = {
				ALWAYS_SEARCH_USER_PATHS = NO;
				CLANG_CXX_LANGUAGE_STANDARD = "gnu++0x";
				CLANG_CXX_LIBRARY = "libc++";
				CLANG_ENABLE_MODULES = YES;
				CLANG_ENABLE_OBJC_ARC = YES;
				CLANG_WARN_BOOL_CONVERSION = YES;
				CLANG_WARN_CONSTANT_CONVERSION = YES;
				CLANG_WARN_DIRECT_OBJC_ISA_USAGE = YES_ERROR;
				CLANG_WARN_EMPTY_BODY = YES;
				CLANG_WARN_ENUM_CONVERSION = YES;
				CLANG_WARN_INT_CONVERSION = YES;
				CLANG_WARN_OBJC_ROOT_CLASS = YES_ERROR;
				CLANG_WARN_UNREACHABLE_CODE = YES;
				CLANG_WARN__DUPLICATE_METHOD_MATCH = YES;
				"CODE_SIGN_IDENTITY[sdk=iphoneos*]" = "iPhone Developer";
				COPY_PHASE_STRIP = NO;
				ENABLE_STRICT_OBJC_MSGSEND = YES;
				GCC_C_LANGUAGE_STANDARD = gnu99;
				GCC_DYNAMIC_NO_PIC = NO;
				GCC_OPTIMIZATION_LEVEL = 0;
				GCC_PREPROCESSOR_DEFINITIONS = (
					"DEBUG=1",
					"$(inherited)",
				);
				GCC_SYMBOLS_PRIVATE_EXTERN = NO;
				GCC_WARN_64_TO_32_BIT_CONVERSION = YES;
				GCC_WARN_ABOUT_RETURN_TYPE = YES_ERROR;
				GCC_WARN_UNDECLARED_SELECTOR = YES;
				GCC_WARN_UNINITIALIZED_AUTOS = YES_AGGRESSIVE;
				GCC_WARN_UNUSED_FUNCTION = YES;
				GCC_WARN_UNUSED_VARIABLE = YES;
				IPHONEOS_DEPLOYMENT_TARGET = 8.0;
				METAL_ENABLE_DEBUG_INFO = YES;
				ONLY_ACTIVE_ARCH = YES;
				SDKROOT = iphoneos;
				SWIFT_OPTIMIZATION_LEVEL = "-Onone";
			};
			name = Debug;
		};
		2985A65319481E2A00B1F5F4 /* Release */ = {
			isa = XCBuildConfiguration;
			buildSettings = {
				ALWAYS_SEARCH_USER_PATHS = NO;
				CLANG_CXX_LANGUAGE_STANDARD = "gnu++0x";
				CLANG_CXX_LIBRARY = "libc++";
				CLANG_ENABLE_MODULES = YES;
				CLANG_ENABLE_OBJC_ARC = YES;
				CLANG_WARN_BOOL_CONVERSION = YES;
				CLANG_WARN_CONSTANT_CONVERSION = YES;
				CLANG_WARN_DIRECT_OBJC_ISA_USAGE = YES_ERROR;
				CLANG_WARN_EMPTY_BODY = YES;
				CLANG_WARN_ENUM_CONVERSION = YES;
				CLANG_WARN_INT_CONVERSION = YES;
				CLANG_WARN_OBJC_ROOT_CLASS = YES_ERROR;
				CLANG_WARN_UNREACHABLE_CODE = YES;
				CLANG_WARN__DUPLICATE_METHOD_MATCH = YES;
				"CODE_SIGN_IDENTITY[sdk=iphoneos*]" = "iPhone Developer";
				COPY_PHASE_STRIP = YES;
				ENABLE_NS_ASSERTIONS = NO;
				ENABLE_STRICT_OBJC_MSGSEND = YES;
				GCC_C_LANGUAGE_STANDARD = gnu99;
				GCC_WARN_64_TO_32_BIT_CONVERSION = YES;
				GCC_WARN_ABOUT_RETURN_TYPE = YES_ERROR;
				GCC_WARN_UNDECLARED_SELECTOR = YES;
				GCC_WARN_UNINITIALIZED_AUTOS = YES_AGGRESSIVE;
				GCC_WARN_UNUSED_FUNCTION = YES;
				GCC_WARN_UNUSED_VARIABLE = YES;
				IPHONEOS_DEPLOYMENT_TARGET = 8.0;
				METAL_ENABLE_DEBUG_INFO = NO;
				SDKROOT = iphoneos;
				VALIDATE_PRODUCT = YES;
			};
			name = Release;
		};
		2985A65519481E2A00B1F5F4 /* Debug */ = {
			isa = XCBuildConfiguration;
			buildSettings = {
				ASSETCATALOG_COMPILER_APPICON_NAME = AppIcon;
				ASSETCATALOG_COMPILER_LAUNCHIMAGE_NAME = LaunchImage;
				INFOPLIST_FILE = SwiftCam/Info.plist;
				IPHONEOS_DEPLOYMENT_TARGET = 7.1;
				LD_RUNPATH_SEARCH_PATHS = "$(inherited) @executable_path/Frameworks";
				PRODUCT_NAME = "$(TARGET_NAME)";
			};
			name = Debug;
		};
		2985A65619481E2A00B1F5F4 /* Release */ = {
			isa = XCBuildConfiguration;
			buildSettings = {
				ASSETCATALOG_COMPILER_APPICON_NAME = AppIcon;
				ASSETCATALOG_COMPILER_LAUNCHIMAGE_NAME = LaunchImage;
				INFOPLIST_FILE = SwiftCam/Info.plist;
				IPHONEOS_DEPLOYMENT_TARGET = 7.1;
				LD_RUNPATH_SEARCH_PATHS = "$(inherited) @executable_path/Frameworks";
				PRODUCT_NAME = "$(TARGET_NAME)";
			};
			name = Release;
		};
		2985A65819481E2A00B1F5F4 /* Debug */ = {
			isa = XCBuildConfiguration;
			buildSettings = {
				BUNDLE_LOADER = "$(BUILT_PRODUCTS_DIR)/SwiftCam.app/SwiftCam";
				FRAMEWORK_SEARCH_PATHS = (
					"$(SDKROOT)/Developer/Library/Frameworks",
					"$(inherited)",
				);
				GCC_PREPROCESSOR_DEFINITIONS = (
					"DEBUG=1",
					"$(inherited)",
				);
				INFOPLIST_FILE = SwiftCamTests/Info.plist;
				LD_RUNPATH_SEARCH_PATHS = "$(inherited) @executable_path/Frameworks @loader_path/Frameworks";
				METAL_ENABLE_DEBUG_INFO = YES;
				PRODUCT_NAME = "$(TARGET_NAME)";
				TEST_HOST = "$(BUNDLE_LOADER)";
			};
			name = Debug;
		};
		2985A65919481E2A00B1F5F4 /* Release */ = {
			isa = XCBuildConfiguration;
			buildSettings = {
				BUNDLE_LOADER = "$(BUILT_PRODUCTS_DIR)/SwiftCam.app/SwiftCam";
				FRAMEWORK_SEARCH_PATHS = (
					"$(SDKROOT)/Developer/Library/Frameworks",
					"$(inherited)",
				);
				INFOPLIST_FILE = SwiftCamTests/Info.plist;
				LD_RUNPATH_SEARCH_PATHS = "$(inherited) @executable_path/Frameworks @loader_path/Frameworks";
				METAL_ENABLE_DEBUG_INFO = NO;
				PRODUCT_NAME = "$(TARGET_NAME)";
				TEST_HOST = "$(BUNDLE_LOADER)";
			};
			name = Release;
		};
/* End XCBuildConfiguration section */

/* Begin XCConfigurationList section */
		2985A63319481E2900B1F5F4 /* Build configuration list for PBXProject "SwiftCam" */ = {
			isa = XCConfigurationList;
			buildConfigurations = (
				2985A65219481E2A00B1F5F4 /* Debug */,
				2985A65319481E2A00B1F5F4 /* Release */,
			);
			defaultConfigurationIsVisible = 0;
			defaultConfigurationName = Release;
		};
		2985A65419481E2A00B1F5F4 /* Build configuration list for PBXNativeTarget "SwiftCam" */ = {
			isa = XCConfigurationList;
			buildConfigurations = (
				2985A65519481E2A00B1F5F4 /* Debug */,
				2985A65619481E2A00B1F5F4 /* Release */,
			);
			defaultConfigurationIsVisible = 0;
			defaultConfigurationName = Release;
		};
		2985A65719481E2A00B1F5F4 /* Build configuration list for PBXNativeTarget "SwiftCamTests" */ = {
			isa = XCConfigurationList;
			buildConfigurations = (
				2985A65819481E2A00B1F5F4 /* Debug */,
				2985A65919481E2A00B1F5F4 /* Release */,
			);
			defaultConfigurationIsVisible = 0;
			defaultConfigurationName = Release;
		};
/* End XCConfigurationList section */
	};
	rootObject = 2985A63019481E2900B1F5F4 /* Project object */;
}
